// !$*UTF8*$!
{
	archiveVersion = 1;
	classes = {
	};
	objectVersion = 50;
	objects = {

/* Begin PBXBuildFile section */
		9BADD0772375F374008B2C22 /* AppDelegate.swift in Sources */ = {isa = PBXBuildFile; fileRef = 9BADD0762375F374008B2C22 /* AppDelegate.swift */; };
		9BADD0792375F374008B2C22 /* LoginViewController.swift in Sources */ = {isa = PBXBuildFile; fileRef = 9BADD0782375F374008B2C22 /* LoginViewController.swift */; };
		9BADD07C2375F374008B2C22 /* Main.storyboard in Resources */ = {isa = PBXBuildFile; fileRef = 9BADD07A2375F374008B2C22 /* Main.storyboard */; };
		9BADD07E2375F377008B2C22 /* Assets.xcassets in Resources */ = {isa = PBXBuildFile; fileRef = 9BADD07D2375F377008B2C22 /* Assets.xcassets */; };
		9BADD0812375F377008B2C22 /* LaunchScreen.storyboard in Resources */ = {isa = PBXBuildFile; fileRef = 9BADD07F2375F377008B2C22 /* LaunchScreen.storyboard */; };
		9BADD0892375F779008B2C22 /* CustomerListTableViewController.swift in Sources */ = {isa = PBXBuildFile; fileRef = 9BADD0882375F779008B2C22 /* CustomerListTableViewController.swift */; };
		9BADD08B23760808008B2C22 /* ShowBillDetailsViewController.swift in Sources */ = {isa = PBXBuildFile; fileRef = 9BADD08A23760808008B2C22 /* ShowBillDetailsViewController.swift */; };
		9BADD08D237608CD008B2C22 /* AddNewBillViewController.swift in Sources */ = {isa = PBXBuildFile; fileRef = 9BADD08C237608CD008B2C22 /* AddNewBillViewController.swift */; };
		9BADD0902376115C008B2C22 /* output-onlinejpgtools.png in Resources */ = {isa = PBXBuildFile; fileRef = 9BADD08F2376115C008B2C22 /* output-onlinejpgtools.png */; };
		9BC41F2F23762C6B001F0097 /* CurrencyExtn.swift in Sources */ = {isa = PBXBuildFile; fileRef = 9BC41F2E23762C6B001F0097 /* CurrencyExtn.swift */; };
		9BC41F3123762CA1001F0097 /* DateExtension.swift in Sources */ = {isa = PBXBuildFile; fileRef = 9BC41F3023762CA1001F0097 /* DateExtension.swift */; };
		9BC41F3323762CC0001F0097 /* Internet copy.swift in Sources */ = {isa = PBXBuildFile; fileRef = 9BC41F3223762CC0001F0097 /* Internet copy.swift */; };
		9BC41F3523762D21001F0097 /* DataUsed.swift in Sources */ = {isa = PBXBuildFile; fileRef = 9BC41F3423762D21001F0097 /* DataUsed.swift */; };
		9BC41F3723762D5C001F0097 /* String+Validation.swift in Sources */ = {isa = PBXBuildFile; fileRef = 9BC41F3623762D5C001F0097 /* String+Validation.swift */; };
		9BC41F3923762D94001F0097 /* IDisplay copy.swift in Sources */ = {isa = PBXBuildFile; fileRef = 9BC41F3823762D94001F0097 /* IDisplay copy.swift */; };
		9BC41F3B23762DBB001F0097 /* ATErrorMessage.swift in Sources */ = {isa = PBXBuildFile; fileRef = 9BC41F3A23762DBB001F0097 /* ATErrorMessage.swift */; };
		9BC41F3D23762DDC001F0097 /* Hydro copy.swift in Sources */ = {isa = PBXBuildFile; fileRef = 9BC41F3C23762DDC001F0097 /* Hydro copy.swift */; };
		9BC41F3F23762DF2001F0097 /* Customer copy.swift in Sources */ = {isa = PBXBuildFile; fileRef = 9BC41F3E23762DF1001F0097 /* Customer copy.swift */; };
/* End PBXBuildFile section */

/* Begin PBXFileReference section */
		9BADD0732375F374008B2C22 /* C0769922_MidTerm_MAD3115F2019.app */ = {isa = PBXFileReference; explicitFileType = wrapper.application; includeInIndex = 0; path = C0769922_MidTerm_MAD3115F2019.app; sourceTree = BUILT_PRODUCTS_DIR; };
		9BADD0762375F374008B2C22 /* AppDelegate.swift */ = {isa = PBXFileReference; lastKnownFileType = sourcecode.swift; path = AppDelegate.swift; sourceTree = "<group>"; };
		9BADD0782375F374008B2C22 /* LoginViewController.swift */ = {isa = PBXFileReference; lastKnownFileType = sourcecode.swift; path = LoginViewController.swift; sourceTree = "<group>"; };
		9BADD07B2375F374008B2C22 /* Base */ = {isa = PBXFileReference; lastKnownFileType = file.storyboard; name = Base; path = Base.lproj/Main.storyboard; sourceTree = "<group>"; };
		9BADD07D2375F377008B2C22 /* Assets.xcassets */ = {isa = PBXFileReference; lastKnownFileType = folder.assetcatalog; path = Assets.xcassets; sourceTree = "<group>"; };
		9BADD0802375F377008B2C22 /* Base */ = {isa = PBXFileReference; lastKnownFileType = file.storyboard; name = Base; path = Base.lproj/LaunchScreen.storyboard; sourceTree = "<group>"; };
		9BADD0822375F377008B2C22 /* Info.plist */ = {isa = PBXFileReference; lastKnownFileType = text.plist.xml; path = Info.plist; sourceTree = "<group>"; };
		9BADD0882375F779008B2C22 /* CustomerListTableViewController.swift */ = {isa = PBXFileReference; lastKnownFileType = sourcecode.swift; path = CustomerListTableViewController.swift; sourceTree = "<group>"; };
		9BADD08A23760808008B2C22 /* ShowBillDetailsViewController.swift */ = {isa = PBXFileReference; lastKnownFileType = sourcecode.swift; path = ShowBillDetailsViewController.swift; sourceTree = "<group>"; };
		9BADD08C237608CD008B2C22 /* AddNewBillViewController.swift */ = {isa = PBXFileReference; lastKnownFileType = sourcecode.swift; path = AddNewBillViewController.swift; sourceTree = "<group>"; };
		9BADD08F2376115C008B2C22 /* output-onlinejpgtools.png */ = {isa = PBXFileReference; lastKnownFileType = image.png; path = "output-onlinejpgtools.png"; sourceTree = "<group>"; };
		9BC41F2E23762C6B001F0097 /* CurrencyExtn.swift */ = {isa = PBXFileReference; fileEncoding = 4; lastKnownFileType = sourcecode.swift; name = CurrencyExtn.swift; path = ../../../../Downloads/Project/Project/Extensions/CurrencyExtn.swift; sourceTree = "<group>"; };
		9BC41F3023762CA1001F0097 /* DateExtension.swift */ = {isa = PBXFileReference; fileEncoding = 4; lastKnownFileType = sourcecode.swift; name = DateExtension.swift; path = ../../../../Downloads/Project/Project/Extensions/DateExtension.swift; sourceTree = "<group>"; };
		9BC41F3223762CC0001F0097 /* Internet copy.swift */ = {isa = PBXFileReference; fileEncoding = 4; lastKnownFileType = sourcecode.swift; name = "Internet copy.swift"; path = "../../../../Downloads/Project/Project/Extensions/Internet copy.swift"; sourceTree = "<group>"; };
		9BC41F3423762D21001F0097 /* DataUsed.swift */ = {isa = PBXFileReference; fileEncoding = 4; lastKnownFileType = sourcecode.swift; name = DataUsed.swift; path = ../../../../Downloads/Project/Project/Extensions/DataUsed.swift; sourceTree = "<group>"; };
		9BC41F3623762D5C001F0097 /* String+Validation.swift */ = {isa = PBXFileReference; fileEncoding = 4; lastKnownFileType = sourcecode.swift; name = "String+Validation.swift"; path = "../../../../Downloads/Project/Project/Extensions/String+Validation.swift"; sourceTree = "<group>"; };
		9BC41F3823762D94001F0097 /* IDisplay copy.swift */ = {isa = PBXFileReference; fileEncoding = 4; lastKnownFileType = sourcecode.swift; name = "IDisplay copy.swift"; path = "../../../../Downloads/Project/Project/Extensions/IDisplay copy.swift"; sourceTree = "<group>"; };
		9BC41F3A23762DBB001F0097 /* ATErrorMessage.swift */ = {isa = PBXFileReference; fileEncoding = 4; lastKnownFileType = sourcecode.swift; name = ATErrorMessage.swift; path = ../../../../Downloads/Project/Project/Extensions/ATErrorMessage.swift; sourceTree = "<group>"; };
		9BC41F3C23762DDC001F0097 /* Hydro copy.swift */ = {isa = PBXFileReference; fileEncoding = 4; lastKnownFileType = sourcecode.swift; name = "Hydro copy.swift"; path = "../../../../Downloads/Project/Project/Extensions/Hydro copy.swift"; sourceTree = "<group>"; };
		9BC41F3E23762DF1001F0097 /* Customer copy.swift */ = {isa = PBXFileReference; fileEncoding = 4; lastKnownFileType = sourcecode.swift; name = "Customer copy.swift"; path = "../../../../Downloads/Project/Project/Extensions/Customer copy.swift"; sourceTree = "<group>"; };
/* End PBXFileReference section */

/* Begin PBXFrameworksBuildPhase section */
		9BADD0702375F374008B2C22 /* Frameworks */ = {
			isa = PBXFrameworksBuildPhase;
			buildActionMask = 2147483647;
			files = (
			);
			runOnlyForDeploymentPostprocessing = 0;
		};
/* End PBXFrameworksBuildPhase section */

/* Begin PBXGroup section */
		9BADD06A2375F374008B2C22 = {
			isa = PBXGroup;
			children = (
				9BADD0752375F374008B2C22 /* C0769922_MidTerm_MAD3115F2019 */,
				9BADD0742375F374008B2C22 /* Products */,
			);
			sourceTree = "<group>";
		};
		9BADD0742375F374008B2C22 /* Products */ = {
			isa = PBXGroup;
			children = (
				9BADD0732375F374008B2C22 /* C0769922_MidTerm_MAD3115F2019.app */,
			);
			name = Products;
			sourceTree = "<group>";
		};
		9BADD0752375F374008B2C22 /* C0769922_MidTerm_MAD3115F2019 */ = {
			isa = PBXGroup;
			children = (
				9BC41F2D23762C3D001F0097 /* Extensions */,
				9BADD08E2376111C008B2C22 /* New Group */,
				9BADD0762375F374008B2C22 /* AppDelegate.swift */,
				9BADD0782375F374008B2C22 /* LoginViewController.swift */,
				9BADD07A2375F374008B2C22 /* Main.storyboard */,
				9BADD07D2375F377008B2C22 /* Assets.xcassets */,
				9BADD07F2375F377008B2C22 /* LaunchScreen.storyboard */,
				9BADD0822375F377008B2C22 /* Info.plist */,
				9BADD0882375F779008B2C22 /* CustomerListTableViewController.swift */,
				9BADD08A23760808008B2C22 /* ShowBillDetailsViewController.swift */,
				9BADD08C237608CD008B2C22 /* AddNewBillViewController.swift */,
			);
			path = C0769922_MidTerm_MAD3115F2019;
			sourceTree = "<group>";
		};
		9BADD08E2376111C008B2C22 /* New Group */ = {
			isa = PBXGroup;
			children = (
				9BADD08F2376115C008B2C22 /* output-onlinejpgtools.png */,
			);
			path = "New Group";
			sourceTree = "<group>";
		};
		9BC41F2D23762C3D001F0097 /* Extensions */ = {
			isa = PBXGroup;
			children = (
				9BC41F3023762CA1001F0097 /* DateExtension.swift */,
				9BC41F2E23762C6B001F0097 /* CurrencyExtn.swift */,
				9BC41F3223762CC0001F0097 /* Internet copy.swift */,
				9BC41F3423762D21001F0097 /* DataUsed.swift */,
				9BC41F3623762D5C001F0097 /* String+Validation.swift */,
				9BC41F3823762D94001F0097 /* IDisplay copy.swift */,
				9BC41F3A23762DBB001F0097 /* ATErrorMessage.swift */,
				9BC41F3C23762DDC001F0097 /* Hydro copy.swift */,
				9BC41F3E23762DF1001F0097 /* Customer copy.swift */,
			);
			path = Extensions;
			sourceTree = "<group>";
		};
/* End PBXGroup section */

/* Begin PBXNativeTarget section */
		9BADD0722375F374008B2C22 /* C0769922_MidTerm_MAD3115F2019 */ = {
			isa = PBXNativeTarget;
			buildConfigurationList = 9BADD0852375F377008B2C22 /* Build configuration list for PBXNativeTarget "C0769922_MidTerm_MAD3115F2019" */;
			buildPhases = (
				9BADD06F2375F374008B2C22 /* Sources */,
				9BADD0702375F374008B2C22 /* Frameworks */,
				9BADD0712375F374008B2C22 /* Resources */,
			);
			buildRules = (
			);
			dependencies = (
			);
			name = C0769922_MidTerm_MAD3115F2019;
			productName = C0769922_MidTerm_MAD3115F2019;
			productReference = 9BADD0732375F374008B2C22 /* C0769922_MidTerm_MAD3115F2019.app */;
			productType = "com.apple.product-type.application";
		};
/* End PBXNativeTarget section */

/* Begin PBXProject section */
		9BADD06B2375F374008B2C22 /* Project object */ = {
			isa = PBXProject;
			attributes = {
				LastSwiftUpdateCheck = 1030;
				LastUpgradeCheck = 1030;
				ORGANIZATIONNAME = MacStudent;
				TargetAttributes = {
					9BADD0722375F374008B2C22 = {
						CreatedOnToolsVersion = 10.3;
					};
				};
			};
			buildConfigurationList = 9BADD06E2375F374008B2C22 /* Build configuration list for PBXProject "C0769922_MidTerm_MAD3115F2019" */;
			compatibilityVersion = "Xcode 9.3";
			developmentRegion = en;
			hasScannedForEncodings = 0;
			knownRegions = (
				en,
				Base,
			);
			mainGroup = 9BADD06A2375F374008B2C22;
			productRefGroup = 9BADD0742375F374008B2C22 /* Products */;
			projectDirPath = "";
			projectRoot = "";
			targets = (
				9BADD0722375F374008B2C22 /* C0769922_MidTerm_MAD3115F2019 */,
			);
		};
/* End PBXProject section */

/* Begin PBXResourcesBuildPhase section */
		9BADD0712375F374008B2C22 /* Resources */ = {
			isa = PBXResourcesBuildPhase;
			buildActionMask = 2147483647;
			files = (
				9BADD0812375F377008B2C22 /* LaunchScreen.storyboard in Resources */,
				9BADD0902376115C008B2C22 /* output-onlinejpgtools.png in Resources */,
				9BADD07E2375F377008B2C22 /* Assets.xcassets in Resources */,
				9BADD07C2375F374008B2C22 /* Main.storyboard in Resources */,
			);
			runOnlyForDeploymentPostprocessing = 0;
		};
/* End PBXResourcesBuildPhase section */

/* Begin PBXSourcesBuildPhase section */
		9BADD06F2375F374008B2C22 /* Sources */ = {
			isa = PBXSourcesBuildPhase;
			buildActionMask = 2147483647;
			files = (
				9BC41F3923762D94001F0097 /* IDisplay copy.swift in Sources */,
				9BC41F3F23762DF2001F0097 /* Customer copy.swift in Sources */,
				9BADD0792375F374008B2C22 /* LoginViewController.swift in Sources */,
				9BC41F3723762D5C001F0097 /* String+Validation.swift in Sources */,
				9BC41F3123762CA1001F0097 /* DateExtension.swift in Sources */,
				9BC41F3D23762DDC001F0097 /* Hydro copy.swift in Sources */,
				9BC41F3323762CC0001F0097 /* Internet copy.swift in Sources */,
				9BC41F2F23762C6B001F0097 /* CurrencyExtn.swift in Sources */,
				9BADD0892375F779008B2C22 /* CustomerListTableViewController.swift in Sources */,
				9BC41F3B23762DBB001F0097 /* ATErrorMessage.swift in Sources */,
				9BADD0772375F374008B2C22 /* AppDelegate.swift in Sources */,
				9BADD08D237608CD008B2C22 /* AddNewBillViewController.swift in Sources */,
				9BADD08B23760808008B2C22 /* ShowBillDetailsViewController.swift in Sources */,
				9BC41F3523762D21001F0097 /* DataUsed.swift in Sources */,
			);
			runOnlyForDeploymentPostprocessing = 0;
		};
/* End PBXSourcesBuildPhase section */

/* Begin PBXVariantGroup section */
		9BADD07A2375F374008B2C22 /* Main.storyboard */ = {
			isa = PBXVariantGroup;
			children = (
				9BADD07B2375F374008B2C22 /* Base */,
			);
			name = Main.storyboard;
			sourceTree = "<group>";
		};
		9BADD07F2375F377008B2C22 /* LaunchScreen.storyboard */ = {
			isa = PBXVariantGroup;
			children = (
				9BADD0802375F377008B2C22 /* Base */,
			);
			name = LaunchScreen.storyboard;
			sourceTree = "<group>";
		};
/* End PBXVariantGroup section */

/* Begin XCBuildConfiguration section */
		9BADD0832375F377008B2C22 /* Debug */ = {
			isa = XCBuildConfiguration;
			buildSettings = {
				ALWAYS_SEARCH_USER_PATHS = NO;
				CLANG_ANALYZER_NONNULL = YES;
				CLANG_ANALYZER_NUMBER_OBJECT_CONVERSION = YES_AGGRESSIVE;
				CLANG_CXX_LANGUAGE_STANDARD = "gnu++14";
				CLANG_CXX_LIBRARY = "libc++";
				CLANG_ENABLE_MODULES = YES;
				CLANG_ENABLE_OBJC_ARC = YES;
				CLANG_ENABLE_OBJC_WEAK = YES;
				CLANG_WARN_BLOCK_CAPTURE_AUTORELEASING = YES;
				CLANG_WARN_BOOL_CONVERSION = YES;
				CLANG_WARN_COMMA = YES;
				CLANG_WARN_CONSTANT_CONVERSION = YES;
				CLANG_WARN_DEPRECATED_OBJC_IMPLEMENTATIONS = YES;
				CLANG_WARN_DIRECT_OBJC_ISA_USAGE = YES_ERROR;
				CLANG_WARN_DOCUMENTATION_COMMENTS = YES;
				CLANG_WARN_EMPTY_BODY = YES;
				CLANG_WARN_ENUM_CONVERSION = YES;
				CLANG_WARN_INFINITE_RECURSION = YES;
				CLANG_WARN_INT_CONVERSION = YES;
				CLANG_WARN_NON_LITERAL_NULL_CONVERSION = YES;
				CLANG_WARN_OBJC_IMPLICIT_RETAIN_SELF = YES;
				CLANG_WARN_OBJC_LITERAL_CONVERSION = YES;
				CLANG_WARN_OBJC_ROOT_CLASS = YES_ERROR;
				CLANG_WARN_RANGE_LOOP_ANALYSIS = YES;
				CLANG_WARN_STRICT_PROTOTYPES = YES;
				CLANG_WARN_SUSPICIOUS_MOVE = YES;
				CLANG_WARN_UNGUARDED_AVAILABILITY = YES_AGGRESSIVE;
				CLANG_WARN_UNREACHABLE_CODE = YES;
				CLANG_WARN__DUPLICATE_METHOD_MATCH = YES;
				CODE_SIGN_IDENTITY = "iPhone Developer";
				COPY_PHASE_STRIP = NO;
				DEBUG_INFORMATION_FORMAT = dwarf;
				ENABLE_STRICT_OBJC_MSGSEND = YES;
				ENABLE_TESTABILITY = YES;
				GCC_C_LANGUAGE_STANDARD = gnu11;
				GCC_DYNAMIC_NO_PIC = NO;
				GCC_NO_COMMON_BLOCKS = YES;
				GCC_OPTIMIZATION_LEVEL = 0;
				GCC_PREPROCESSOR_DEFINITIONS = (
					"DEBUG=1",
					"$(inherited)",
				);
				GCC_WARN_64_TO_32_BIT_CONVERSION = YES;
				GCC_WARN_ABOUT_RETURN_TYPE = YES_ERROR;
				GCC_WARN_UNDECLARED_SELECTOR = YES;
				GCC_WARN_UNINITIALIZED_AUTOS = YES_AGGRESSIVE;
				GCC_WARN_UNUSED_FUNCTION = YES;
				GCC_WARN_UNUSED_VARIABLE = YES;
				IPHONEOS_DEPLOYMENT_TARGET = 12.4;
				MTL_ENABLE_DEBUG_INFO = INCLUDE_SOURCE;
				MTL_FAST_MATH = YES;
				ONLY_ACTIVE_ARCH = YES;
				SDKROOT = iphoneos;
				SWIFT_ACTIVE_COMPILATION_CONDITIONS = DEBUG;
				SWIFT_OPTIMIZATION_LEVEL = "-Onone";
			};
			name = Debug;
		};
		9BADD0842375F377008B2C22 /* Release */ = {
			isa = XCBuildConfiguration;
			buildSettings = {
				ALWAYS_SEARCH_USER_PATHS = NO;
				CLANG_ANALYZER_NONNULL = YES;
				CLANG_ANALYZER_NUMBER_OBJECT_CONVERSION = YES_AGGRESSIVE;
				CLANG_CXX_LANGUAGE_STANDARD = "gnu++14";
				CLANG_CXX_LIBRARY = "libc++";
				CLANG_ENABLE_MODULES = YES;
				CLANG_ENABLE_OBJC_ARC = YES;
				CLANG_ENABLE_OBJC_WEAK = YES;
				CLANG_WARN_BLOCK_CAPTURE_AUTORELEASING = YES;
				CLANG_WARN_BOOL_CONVERSION = YES;
				CLANG_WARN_COMMA = YES;
				CLANG_WARN_CONSTANT_CONVERSION = YES;
				CLANG_WARN_DEPRECATED_OBJC_IMPLEMENTATIONS = YES;
				CLANG_WARN_DIRECT_OBJC_ISA_USAGE = YES_ERROR;
				CLANG_WARN_DOCUMENTATION_COMMENTS = YES;
				CLANG_WARN_EMPTY_BODY = YES;
				CLANG_WARN_ENUM_CONVERSION = YES;
				CLANG_WARN_INFINITE_RECURSION = YES;
				CLANG_WARN_INT_CONVERSION = YES;
				CLANG_WARN_NON_LITERAL_NULL_CONVERSION = YES;
				CLANG_WARN_OBJC_IMPLICIT_RETAIN_SELF = YES;
				CLANG_WARN_OBJC_LITERAL_CONVERSION = YES;
				CLANG_WARN_OBJC_ROOT_CLASS = YES_ERROR;
				CLANG_WARN_RANGE_LOOP_ANALYSIS = YES;
				CLANG_WARN_STRICT_PROTOTYPES = YES;
				CLANG_WARN_SUSPICIOUS_MOVE = YES;
				CLANG_WARN_UNGUARDED_AVAILABILITY = YES_AGGRESSIVE;
				CLANG_WARN_UNREACHABLE_CODE = YES;
				CLANG_WARN__DUPLICATE_METHOD_MATCH = YES;
				CODE_SIGN_IDENTITY = "iPhone Developer";
				COPY_PHASE_STRIP = NO;
				DEBUG_INFORMATION_FORMAT = "dwarf-with-dsym";
				ENABLE_NS_ASSERTIONS = NO;
				ENABLE_STRICT_OBJC_MSGSEND = YES;
				GCC_C_LANGUAGE_STANDARD = gnu11;
				GCC_NO_COMMON_BLOCKS = YES;
				GCC_WARN_64_TO_32_BIT_CONVERSION = YES;
				GCC_WARN_ABOUT_RETURN_TYPE = YES_ERROR;
				GCC_WARN_UNDECLARED_SELECTOR = YES;
				GCC_WARN_UNINITIALIZED_AUTOS = YES_AGGRESSIVE;
				GCC_WARN_UNUSED_FUNCTION = YES;
				GCC_WARN_UNUSED_VARIABLE = YES;
				IPHONEOS_DEPLOYMENT_TARGET = 12.4;
				MTL_ENABLE_DEBUG_INFO = NO;
				MTL_FAST_MATH = YES;
				SDKROOT = iphoneos;
				SWIFT_COMPILATION_MODE = wholemodule;
				SWIFT_OPTIMIZATION_LEVEL = "-O";
				VALIDATE_PRODUCT = YES;
			};
			name = Release;
		};
		9BADD0862375F377008B2C22 /* Debug */ = {
			isa = XCBuildConfiguration;
			buildSettings = {
				ASSETCATALOG_COMPILER_APPICON_NAME = AppIcon;
				CODE_SIGN_STYLE = Automatic;
				INFOPLIST_FILE = C0769922_MidTerm_MAD3115F2019/Info.plist;
				LD_RUNPATH_SEARCH_PATHS = (
					"$(inherited)",
					"@executable_path/Frameworks",
				);
				PRODUCT_BUNDLE_IDENTIFIER = "CestarCollege.C0769922-MidTerm-MAD3115F2019";
				PRODUCT_NAME = "$(TARGET_NAME)";
				SWIFT_VERSION = 5.0;
				TARGETED_DEVICE_FAMILY = "1,2";
			};
			name = Debug;
		};
		9BADD0872375F377008B2C22 /* Release */ = {
			isa = XCBuildConfiguration;
			buildSettings = {
				ASSETCATALOG_COMPILER_APPICON_NAME = AppIcon;
				CODE_SIGN_STYLE = Automatic;
				INFOPLIST_FILE = C0769922_MidTerm_MAD3115F2019/Info.plist;
				LD_RUNPATH_SEARCH_PATHS = (
					"$(inherited)",
					"@executable_path/Frameworks",
				);
				PRODUCT_BUNDLE_IDENTIFIER = "CestarCollege.C0769922-MidTerm-MAD3115F2019";
				PRODUCT_NAME = "$(TARGET_NAME)";
				SWIFT_VERSION = 5.0;
				TARGETED_DEVICE_FAMILY = "1,2";
			};
			name = Release;
		};
/* End XCBuildConfiguration section */

/* Begin XCConfigurationList section */
		9BADD06E2375F374008B2C22 /* Build configuration list for PBXProject "C0769922_MidTerm_MAD3115F2019" */ = {
			isa = XCConfigurationList;
			buildConfigurations = (
				9BADD0832375F377008B2C22 /* Debug */,
				9BADD0842375F377008B2C22 /* Release */,
			);
			defaultConfigurationIsVisible = 0;
			defaultConfigurationName = Release;
		};
		9BADD0852375F377008B2C22 /* Build configuration list for PBXNativeTarget "C0769922_MidTerm_MAD3115F2019" */ = {
			isa = XCConfigurationList;
			buildConfigurations = (
				9BADD0862375F377008B2C22 /* Debug */,
				9BADD0872375F377008B2C22 /* Release */,
			);
			defaultConfigurationIsVisible = 0;
			defaultConfigurationName = Release;
		};
/* End XCConfigurationList section */
	};
	rootObject = 9BADD06B2375F374008B2C22 /* Project object */;
}
